
Microsoft Visual Studio Solution File, Format Version 12.00
# Visual Studio Version 17
VisualStudioVersion = 17.3.32922.545
MinimumVisualStudioVersion = 10.0.40219.1
Project("{FAE04EC0-301F-11D3-BF4B-00C04F79EFBC}") = "TerrariaBLive", "TerrariaBLive\TerrariaBLive.csproj", "{92710A93-7EF3-49F5-99E9-47BBABADDC7A}"
EndProject
Project("{9A19103F-16F7-4668-BE54-9A1E7A4F7556}") = "OpenBLive", "OpenBLive\OpenBLive.csproj", "{07A38415-4DC0-4328-A06A-FA989F42672B}"
EndProject
Global
	GlobalSection(SolutionConfigurationPlatforms) = preSolution
		Debug|Any CPU = Debug|Any CPU
		Release|Any CPU = Release|Any CPU
	EndGlobalSection
	GlobalSection(ProjectConfigurationPlatforms) = postSolution
		{92710A93-7EF3-49F5-99E9-47BBABADDC7A}.Debug|Any CPU.ActiveCfg = Debug|Any CPU
		{92710A93-7EF3-49F5-99E9-47BBABADDC7A}.Debug|Any CPU.Build.0 = Debug|Any CPU
		{92710A93-7EF3-49F5-99E9-47BBABADDC7A}.Release|Any CPU.ActiveCfg = Release|Any CPU
		{92710A93-7EF3-49F5-99E9-47BBABADDC7A}.Release|Any CPU.Build.0 = Release|Any CPU
		{07A38415-4DC0-4328-A06A-FA989F42672B}.Debug|Any CPU.ActiveCfg = Debug|Any CPU
		{07A38415-4DC0-4328-A06A-FA989F42672B}.Debug|Any CPU.Build.0 = Debug|Any CPU
		{07A38415-4DC0-4328-A06A-FA989F42672B}.Release|Any CPU.ActiveCfg = Release|Any CPU
	EndGlobalSection
	GlobalSection(SolutionProperties) = preSolution
		HideSolutionNode = FALSE
	EndGlobalSection
	GlobalSection(ExtensibilityGlobals) = postSolution
		SolutionGuid = {90E77C68-8C6F-4F89-B512-2149C2180CC5}
	EndGlobalSection
EndGlobal
